
Microsoft Visual Studio Solution File, Format Version 12.00
# Visual Studio Version 17
VisualStudioVersion = 17.14.37012.4 d17.14
MinimumVisualStudioVersion = 10.0.40219.1
Project("{FAE04EC0-301F-11D3-BF4B-00C04F79EFBC}") = "WpfApp1", "WpfApp1\WpfApp1.csproj", "{31489744-3356-41D6-99F6-E60551E00536}"
EndProject
Global
	GlobalSection(SolutionConfigurationPlatforms) = preSolution
		Debug|Any CPU = Debug|Any CPU
		Release|Any CPU = Release|Any CPU
	EndGlobalSection
	GlobalSection(ProjectConfigurationPlatforms) = postSolution
		{31489744-3356-41D6-99F6-E60551E00536}.Debug|Any CPU.ActiveCfg = Debug|Any CPU
		{31489744-3356-41D6-99F6-E60551E00536}.Debug|Any CPU.Build.0 = Debug|Any CPU
		{31489744-3356-41D6-99F6-E60551E00536}.Release|Any CPU.ActiveCfg = Release|Any CPU
		{31489744-3356-41D6-99F6-E60551E00536}.Release|Any CPU.Build.0 = Release|Any CPU
	EndGlobalSection
	GlobalSection(SolutionProperties) = preSolution
		HideSolutionNode = FALSE
	EndGlobalSection
	GlobalSection(ExtensibilityGlobals) = postSolution
		SolutionGuid = {93EF1868-D497-4E71-9F6E-A6E3CB59FB4B}
	EndGlobalSection
EndGlobal
